
Microsoft Visual Studio Solution File, Format Version 12.00
# Visual Studio Version 17
VisualStudioVersion = 17.3.32929.385
MinimumVisualStudioVersion = 10.0.40219.1
Project("{9A19103F-16F7-4668-BE54-9A1E7A4F7556}") = "EatonTest", "EatonTest\EatonTest.csproj", "{7B1751E9-61F4-4172-9A13-19DB637B1688}"
EndProject
Project("{9A19103F-16F7-4668-BE54-9A1E7A4F7556}") = "EatonUnitTest", "EatonUnitTest\EatonUnitTest.csproj", "{F37135A8-B326-4B0B-ADB1-4EF3DCAFE3AE}"
EndProject
Global
	GlobalSection(SolutionConfigurationPlatforms) = preSolution
		Debug|Any CPU = Debug|Any CPU
		Release|Any CPU = Release|Any CPU
	EndGlobalSection
	GlobalSection(ProjectConfigurationPlatforms) = postSolution
		{7B1751E9-61F4-4172-9A13-19DB637B1688}.Debug|Any CPU.ActiveCfg = Debug|Any CPU
		{7B1751E9-61F4-4172-9A13-19DB637B1688}.Debug|Any CPU.Build.0 = Debug|Any CPU
		{7B1751E9-61F4-4172-9A13-19DB637B1688}.Release|Any CPU.ActiveCfg = Release|Any CPU
		{7B1751E9-61F4-4172-9A13-19DB637B1688}.Release|Any CPU.Build.0 = Release|Any CPU
		{F37135A8-B326-4B0B-ADB1-4EF3DCAFE3AE}.Debug|Any CPU.ActiveCfg = Debug|Any CPU
		{F37135A8-B326-4B0B-ADB1-4EF3DCAFE3AE}.Debug|Any CPU.Build.0 = Debug|Any CPU
		{F37135A8-B326-4B0B-ADB1-4EF3DCAFE3AE}.Release|Any CPU.ActiveCfg = Release|Any CPU
		{F37135A8-B326-4B0B-ADB1-4EF3DCAFE3AE}.Release|Any CPU.Build.0 = Release|Any CPU
	EndGlobalSection
	GlobalSection(SolutionProperties) = preSolution
		HideSolutionNode = FALSE
	EndGlobalSection
	GlobalSection(ExtensibilityGlobals) = postSolution
		SolutionGuid = {C29012F1-93F1-4ACC-9B93-C62465AF1D94}
	EndGlobalSection
EndGlobal
